
Microsoft Visual Studio Solution File, Format Version 12.00
# Visual Studio 2013
VisualStudioVersion = 12.0.40629.0
MinimumVisualStudioVersion = 10.0.40219.1
Project("{FAE04EC0-301F-11D3-BF4B-00C04F79EFBC}") = "LoowooTech.LEDController.Server", "LoowooTech.LEDController.Server\LoowooTech.LEDController.Server.csproj", "{F4D9EC2A-BE00-482C-9EE6-5228F0710D1C}"
EndProject
Project("{FAE04EC0-301F-11D3-BF4B-00C04F79EFBC}") = "LoowooTech.LEDController.Client", "LoowooTech.LEDController.Client\LoowooTech.LEDController.Client.csproj", "{D8D843C5-9D0D-43AC-B6B4-2A566B9A8C02}"
EndProject
Project("{FAE04EC0-301F-11D3-BF4B-00C04F79EFBC}") = "LoowooTech.LEDController.Server.API", "LoowooTech.LEDController.Server.API\LoowooTech.LEDController.Server.API.csproj", "{416229D2-6F9B-4AD2-AC10-D0DF534A3E88}"
EndProject
Global
	GlobalSection(SolutionConfigurationPlatforms) = preSolution
		Debug|Any CPU = Debug|Any CPU
		Release|Any CPU = Release|Any CPU
	EndGlobalSection
	GlobalSection(ProjectConfigurationPlatforms) = postSolution
		{F4D9EC2A-BE00-482C-9EE6-5228F0710D1C}.Debug|Any CPU.ActiveCfg = Debug|Any CPU
		{F4D9EC2A-BE00-482C-9EE6-5228F0710D1C}.Debug|Any CPU.Build.0 = Debug|Any CPU
		{F4D9EC2A-BE00-482C-9EE6-5228F0710D1C}.Release|Any CPU.ActiveCfg = Release|Any CPU
		{F4D9EC2A-BE00-482C-9EE6-5228F0710D1C}.Release|Any CPU.Build.0 = Release|Any CPU
		{D8D843C5-9D0D-43AC-B6B4-2A566B9A8C02}.Debug|Any CPU.ActiveCfg = Debug|Any CPU
		{D8D843C5-9D0D-43AC-B6B4-2A566B9A8C02}.Debug|Any CPU.Build.0 = Debug|Any CPU
		{D8D843C5-9D0D-43AC-B6B4-2A566B9A8C02}.Release|Any CPU.ActiveCfg = Release|Any CPU
		{D8D843C5-9D0D-43AC-B6B4-2A566B9A8C02}.Release|Any CPU.Build.0 = Release|Any CPU
		{416229D2-6F9B-4AD2-AC10-D0DF534A3E88}.Debug|Any CPU.ActiveCfg = Debug|Any CPU
		{416229D2-6F9B-4AD2-AC10-D0DF534A3E88}.Debug|Any CPU.Build.0 = Debug|Any CPU
		{416229D2-6F9B-4AD2-AC10-D0DF534A3E88}.Release|Any CPU.ActiveCfg = Release|Any CPU
		{416229D2-6F9B-4AD2-AC10-D0DF534A3E88}.Release|Any CPU.Build.0 = Release|Any CPU
	EndGlobalSection
	GlobalSection(SolutionProperties) = preSolution
		HideSolutionNode = FALSE
	EndGlobalSection
EndGlobal
